PODS:
  - Alamofire (4.5.1)
  - Amplitude-iOS (4.0.4)
  - Crashlytics (3.9.3):
    - Fabric (~> 1.7.2)
  - Fabric (1.7.2)
  - SwiftyJSON (3.1.4)

DEPENDENCIES:
  - Alamofire
  - Amplitude-iOS
  - Crashlytics
  - Fabric
  - SwiftyJSON

SPEC CHECKSUMS:
  Alamofire: 2d95912bf4c34f164fdfc335872e8c312acaea4a
  Amplitude-iOS: 2ad4d7270c99186236c1272a3a9425463b1ae1a7
  Crashlytics: dbb07d01876c171c5ccbdf7826410380189e452c
  Fabric: 9cd6a848efcf1b8b07497e0b6a2e7d336353ba15
  SwiftyJSON: c2842d878f95482ffceec5709abc3d05680c0220

PODFILE CHECKSUM: c0a869f745f02c69e27937a6c1a4341f4a38ed82

COCOAPODS: 1.3.1
